
Microsoft Visual Studio Solution File, Format Version 12.00
# Visual Studio 14
VisualStudioVersion = 14.0.25420.1
MinimumVisualStudioVersion = 10.0.40219.1
Project("{FAE04EC0-301F-11D3-BF4B-00C04F79EFBC}") = "PirateAPI", "PirateAPI\PirateAPI.csproj", "{C71981FF-45AE-47A5-8CD0-39CB65DFF433}"
EndProject
Project("{FAE04EC0-301F-11D3-BF4B-00C04F79EFBC}") = "PirateAPITests", "Tests\PirateAPITests.csproj", "{70FFC502-66B6-4CF9-9BB7-5635178E2D8F}"
EndProject
Project("{FAE04EC0-301F-11D3-BF4B-00C04F79EFBC}") = "PirateAPIApp", "PirateAPIApp\PirateAPIApp.csproj", "{2F4CB895-F2BF-4F23-98A6-A3E314EC1DB1}"
EndProject
Global
	GlobalSection(SolutionConfigurationPlatforms) = preSolution
		Debug|Any CPU = Debug|Any CPU
		Release|Any CPU = Release|Any CPU
	EndGlobalSection
	GlobalSection(ProjectConfigurationPlatforms) = postSolution
		{C71981FF-45AE-47A5-8CD0-39CB65DFF433}.Debug|Any CPU.ActiveCfg = Debug|Any CPU
		{C71981FF-45AE-47A5-8CD0-39CB65DFF433}.Debug|Any CPU.Build.0 = Debug|Any CPU
		{C71981FF-45AE-47A5-8CD0-39CB65DFF433}.Release|Any CPU.ActiveCfg = Release|Any CPU
		{C71981FF-45AE-47A5-8CD0-39CB65DFF433}.Release|Any CPU.Build.0 = Release|Any CPU
		{70FFC502-66B6-4CF9-9BB7-5635178E2D8F}.Debug|Any CPU.ActiveCfg = Debug|Any CPU
		{70FFC502-66B6-4CF9-9BB7-5635178E2D8F}.Debug|Any CPU.Build.0 = Debug|Any CPU
		{70FFC502-66B6-4CF9-9BB7-5635178E2D8F}.Release|Any CPU.ActiveCfg = Release|Any CPU
		{70FFC502-66B6-4CF9-9BB7-5635178E2D8F}.Release|Any CPU.Build.0 = Release|Any CPU
		{2F4CB895-F2BF-4F23-98A6-A3E314EC1DB1}.Debug|Any CPU.ActiveCfg = Debug|Any CPU
		{2F4CB895-F2BF-4F23-98A6-A3E314EC1DB1}.Debug|Any CPU.Build.0 = Debug|Any CPU
		{2F4CB895-F2BF-4F23-98A6-A3E314EC1DB1}.Release|Any CPU.ActiveCfg = Release|Any CPU
		{2F4CB895-F2BF-4F23-98A6-A3E314EC1DB1}.Release|Any CPU.Build.0 = Release|Any CPU
	EndGlobalSection
	GlobalSection(SolutionProperties) = preSolution
		HideSolutionNode = FALSE
	EndGlobalSection
EndGlobal
